
Microsoft Visual Studio Solution File, Format Version 12.00
# Visual Studio 15
VisualStudioVersion = 15.0.27130.2027
MinimumVisualStudioVersion = 10.0.40219.1
Project("{FAE04EC0-301F-11D3-BF4B-00C04F79EFBC}") = "Tic Tac Toe 5", "Tic Tac Toe 5\Tic Tac Toe 5.csproj", "{D0D13AB2-C815-48EF-9A80-BC31DA1897BB}"
EndProject
Global
	GlobalSection(SolutionConfigurationPlatforms) = preSolution
		Debug|Any CPU = Debug|Any CPU
		Release|Any CPU = Release|Any CPU
	EndGlobalSection
	GlobalSection(ProjectConfigurationPlatforms) = postSolution
		{D0D13AB2-C815-48EF-9A80-BC31DA1897BB}.Debug|Any CPU.ActiveCfg = Debug|Any CPU
		{D0D13AB2-C815-48EF-9A80-BC31DA1897BB}.Debug|Any CPU.Build.0 = Debug|Any CPU
		{D0D13AB2-C815-48EF-9A80-BC31DA1897BB}.Release|Any CPU.ActiveCfg = Release|Any CPU
		{D0D13AB2-C815-48EF-9A80-BC31DA1897BB}.Release|Any CPU.Build.0 = Release|Any CPU
	EndGlobalSection
	GlobalSection(SolutionProperties) = preSolution
		HideSolutionNode = FALSE
	EndGlobalSection
	GlobalSection(ExtensibilityGlobals) = postSolution
		SolutionGuid = {4F3B80F9-87B2-48B6-9A90-ED6234CA2C7B}
	EndGlobalSection
EndGlobal
